// !$*UTF8*$!
{
	archiveVersion = 1;
	classes = {
	};
	objectVersion = 50;
	objects = {

/* Begin PBXBuildFile section */
		D429E80725DBB4E9005FD376 /* Memo+CoreDataClass.swift in Sources */ = {isa = PBXBuildFile; fileRef = D429E80525DBB4E9005FD376 /* Memo+CoreDataClass.swift */; };
		D429E80825DBB4E9005FD376 /* Memo+CoreDataProperties.swift in Sources */ = {isa = PBXBuildFile; fileRef = D429E80625DBB4E9005FD376 /* Memo+CoreDataProperties.swift */; };
		D442B4AA25D2A36E00203C01 /* InputMemoViewController.swift in Sources */ = {isa = PBXBuildFile; fileRef = D442B4A925D2A36E00203C01 /* InputMemoViewController.swift */; };
		D48F5BA725D57D4A006CD4F9 /* Model.xcdatamodeld in Sources */ = {isa = PBXBuildFile; fileRef = D48F5BA525D57D4A006CD4F9 /* Model.xcdatamodeld */; };
		D4938CDC25D293C4003A8032 /* MemoTableViewCell.swift in Sources */ = {isa = PBXBuildFile; fileRef = D4938CDA25D293C4003A8032 /* MemoTableViewCell.swift */; };
		D4938CDD25D293C4003A8032 /* MemoTableViewCell.xib in Resources */ = {isa = PBXBuildFile; fileRef = D4938CDB25D293C4003A8032 /* MemoTableViewCell.xib */; };
		D4E1129E25D28C4400D1AA54 /* AppDelegate.swift in Sources */ = {isa = PBXBuildFile; fileRef = D4E1129D25D28C4400D1AA54 /* AppDelegate.swift */; };
		D4E112A025D28C4400D1AA54 /* SceneDelegate.swift in Sources */ = {isa = PBXBuildFile; fileRef = D4E1129F25D28C4400D1AA54 /* SceneDelegate.swift */; };
		D4E112A225D28C4400D1AA54 /* MainViewController.swift in Sources */ = {isa = PBXBuildFile; fileRef = D4E112A125D28C4400D1AA54 /* MainViewController.swift */; };
		D4E112A525D28C4400D1AA54 /* Main.storyboard in Resources */ = {isa = PBXBuildFile; fileRef = D4E112A325D28C4400D1AA54 /* Main.storyboard */; };
		D4E112A725D28C4400D1AA54 /* Assets.xcassets in Resources */ = {isa = PBXBuildFile; fileRef = D4E112A625D28C4400D1AA54 /* Assets.xcassets */; };
		D4E112AA25D28C4400D1AA54 /* LaunchScreen.storyboard in Resources */ = {isa = PBXBuildFile; fileRef = D4E112A825D28C4400D1AA54 /* LaunchScreen.storyboard */; };
/* End PBXBuildFile section */

/* Begin PBXFileReference section */
		D429E80525DBB4E9005FD376 /* Memo+CoreDataClass.swift */ = {isa = PBXFileReference; lastKnownFileType = sourcecode.swift; name = "Memo+CoreDataClass.swift"; path = "SimpleDiary/Model/Memo+CoreDataClass.swift"; sourceTree = "<group>"; };
		D429E80625DBB4E9005FD376 /* Memo+CoreDataProperties.swift */ = {isa = PBXFileReference; lastKnownFileType = sourcecode.swift; name = "Memo+CoreDataProperties.swift"; path = "SimpleDiary/Model/Memo+CoreDataProperties.swift"; sourceTree = "<group>"; };
		D442B4A925D2A36E00203C01 /* InputMemoViewController.swift */ = {isa = PBXFileReference; lastKnownFileType = sourcecode.swift; path = InputMemoViewController.swift; sourceTree = "<group>"; };
		D48F5BA625D57D4A006CD4F9 /* Model.xcdatamodel */ = {isa = PBXFileReference; lastKnownFileType = wrapper.xcdatamodel; path = Model.xcdatamodel; sourceTree = "<group>"; };
		D4938CDA25D293C4003A8032 /* MemoTableViewCell.swift */ = {isa = PBXFileReference; lastKnownFileType = sourcecode.swift; path = MemoTableViewCell.swift; sourceTree = "<group>"; };
		D4938CDB25D293C4003A8032 /* MemoTableViewCell.xib */ = {isa = PBXFileReference; lastKnownFileType = file.xib; path = MemoTableViewCell.xib; sourceTree = "<group>"; };
		D4E1129A25D28C4400D1AA54 /* SimpleDiary.app */ = {isa = PBXFileReference; explicitFileType = wrapper.application; includeInIndex = 0; path = SimpleDiary.app; sourceTree = BUILT_PRODUCTS_DIR; };
		D4E1129D25D28C4400D1AA54 /* AppDelegate.swift */ = {isa = PBXFileReference; lastKnownFileType = sourcecode.swift; path = AppDelegate.swift; sourceTree = "<group>"; };
		D4E1129F25D28C4400D1AA54 /* SceneDelegate.swift */ = {isa = PBXFileReference; lastKnownFileType = sourcecode.swift; path = SceneDelegate.swift; sourceTree = "<group>"; };
		D4E112A125D28C4400D1AA54 /* MainViewController.swift */ = {isa = PBXFileReference; lastKnownFileType = sourcecode.swift; path = MainViewController.swift; sourceTree = "<group>"; };
		D4E112A425D28C4400D1AA54 /* Base */ = {isa = PBXFileReference; lastKnownFileType = file.storyboard; name = Base; path = Base.lproj/Main.storyboard; sourceTree = "<group>"; };
		D4E112A625D28C4400D1AA54 /* Assets.xcassets */ = {isa = PBXFileReference; lastKnownFileType = folder.assetcatalog; path = Assets.xcassets; sourceTree = "<group>"; };
		D4E112A925D28C4400D1AA54 /* Base */ = {isa = PBXFileReference; lastKnownFileType = file.storyboard; name = Base; path = Base.lproj/LaunchScreen.storyboard; sourceTree = "<group>"; };
		D4E112AB25D28C4400D1AA54 /* Info.plist */ = {isa = PBXFileReference; lastKnownFileType = text.plist.xml; path = Info.plist; sourceTree = "<group>"; };
/* End PBXFileReference section */

/* Begin PBXFrameworksBuildPhase section */
		D4E1129725D28C4400D1AA54 /* Frameworks */ = {
			isa = PBXFrameworksBuildPhase;
			buildActionMask = 2147483647;
			files = (
			);
			runOnlyForDeploymentPostprocessing = 0;
		};
/* End PBXFrameworksBuildPhase section */

/* Begin PBXGroup section */
		D4938CD725D29389003A8032 /* Model */ = {
			isa = PBXGroup;
			children = (
				D48F5BA525D57D4A006CD4F9 /* Model.xcdatamodeld */,
			);
			path = Model;
			sourceTree = "<group>";
		};
		D4938CD825D29392003A8032 /* View */ = {
			isa = PBXGroup;
			children = (
				D4E112A325D28C4400D1AA54 /* Main.storyboard */,
				D4E112A825D28C4400D1AA54 /* LaunchScreen.storyboard */,
				D4938CDA25D293C4003A8032 /* MemoTableViewCell.swift */,
				D4938CDB25D293C4003A8032 /* MemoTableViewCell.xib */,
			);
			path = View;
			sourceTree = "<group>";
		};
		D4938CD925D29397003A8032 /* ViewController */ = {
			isa = PBXGroup;
			children = (
				D4E112A125D28C4400D1AA54 /* MainViewController.swift */,
				D442B4A925D2A36E00203C01 /* InputMemoViewController.swift */,
			);
			path = ViewController;
			sourceTree = "<group>";
		};
		D4E1129125D28C4300D1AA54 = {
			isa = PBXGroup;
			children = (
				D429E80525DBB4E9005FD376 /* Memo+CoreDataClass.swift */,
				D429E80625DBB4E9005FD376 /* Memo+CoreDataProperties.swift */,
				D4E1129C25D28C4400D1AA54 /* SimpleDiary */,
				D4E1129B25D28C4400D1AA54 /* Products */,
			);
			sourceTree = "<group>";
		};
		D4E1129B25D28C4400D1AA54 /* Products */ = {
			isa = PBXGroup;
			children = (
				D4E1129A25D28C4400D1AA54 /* SimpleDiary.app */,
			);
			name = Products;
			sourceTree = "<group>";
		};
		D4E1129C25D28C4400D1AA54 /* SimpleDiary */ = {
			isa = PBXGroup;
			children = (
				D4938CD925D29397003A8032 /* ViewController */,
				D4938CD825D29392003A8032 /* View */,
				D4938CD725D29389003A8032 /* Model */,
				D4E1129D25D28C4400D1AA54 /* AppDelegate.swift */,
				D4E1129F25D28C4400D1AA54 /* SceneDelegate.swift */,
				D4E112A625D28C4400D1AA54 /* Assets.xcassets */,
				D4E112AB25D28C4400D1AA54 /* Info.plist */,
			);
			path = SimpleDiary;
			sourceTree = "<group>";
		};
/* End PBXGroup section */

/* Begin PBXNativeTarget section */
		D4E1129925D28C4400D1AA54 /* SimpleDiary */ = {
			isa = PBXNativeTarget;
			buildConfigurationList = D4E112AE25D28C4400D1AA54 /* Build configuration list for PBXNativeTarget "SimpleDiary" */;
			buildPhases = (
				D4E1129625D28C4400D1AA54 /* Sources */,
				D4E1129725D28C4400D1AA54 /* Frameworks */,
				D4E1129825D28C4400D1AA54 /* Resources */,
			);
			buildRules = (
			);
			dependencies = (
			);
			name = SimpleDiary;
			productName = SimpleDiary;
			productReference = D4E1129A25D28C4400D1AA54 /* SimpleDiary.app */;
			productType = "com.apple.product-type.application";
		};
/* End PBXNativeTarget section */

/* Begin PBXProject section */
		D4E1129225D28C4300D1AA54 /* Project object */ = {
			isa = PBXProject;
			attributes = {
				LastSwiftUpdateCheck = 1240;
				LastUpgradeCheck = 1240;
				TargetAttributes = {
					D4E1129925D28C4400D1AA54 = {
						CreatedOnToolsVersion = 12.4;
					};
				};
			};
			buildConfigurationList = D4E1129525D28C4300D1AA54 /* Build configuration list for PBXProject "SimpleDiary" */;
			compatibilityVersion = "Xcode 9.3";
			developmentRegion = en;
			hasScannedForEncodings = 0;
			knownRegions = (
				en,
				Base,
			);
			mainGroup = D4E1129125D28C4300D1AA54;
			productRefGroup = D4E1129B25D28C4400D1AA54 /* Products */;
			projectDirPath = "";
			projectRoot = "";
			targets = (
				D4E1129925D28C4400D1AA54 /* SimpleDiary */,
			);
		};
/* End PBXProject section */

/* Begin PBXResourcesBuildPhase section */
		D4E1129825D28C4400D1AA54 /* Resources */ = {
			isa = PBXResourcesBuildPhase;
			buildActionMask = 2147483647;
			files = (
				D4E112AA25D28C4400D1AA54 /* LaunchScreen.storyboard in Resources */,
				D4938CDD25D293C4003A8032 /* MemoTableViewCell.xib in Resources */,
				D4E112A725D28C4400D1AA54 /* Assets.xcassets in Resources */,
				D4E112A525D28C4400D1AA54 /* Main.storyboard in Resources */,
			);
			runOnlyForDeploymentPostprocessing = 0;
		};
/* End PBXResourcesBuildPhase section */

/* Begin PBXSourcesBuildPhase section */
		D4E1129625D28C4400D1AA54 /* Sources */ = {
			isa = PBXSourcesBuildPhase;
			buildActionMask = 2147483647;
			files = (
				D442B4AA25D2A36E00203C01 /* InputMemoViewController.swift in Sources */,
				D429E80825DBB4E9005FD376 /* Memo+CoreDataProperties.swift in Sources */,
				D4E112A225D28C4400D1AA54 /* MainViewController.swift in Sources */,
				D4938CDC25D293C4003A8032 /* MemoTableViewCell.swift in Sources */,
				D429E80725DBB4E9005FD376 /* Memo+CoreDataClass.swift in Sources */,
				D4E1129E25D28C4400D1AA54 /* AppDelegate.swift in Sources */,
				D4E112A025D28C4400D1AA54 /* SceneDelegate.swift in Sources */,
				D48F5BA725D57D4A006CD4F9 /* Model.xcdatamodeld in Sources */,
			);
			runOnlyForDeploymentPostprocessing = 0;
		};
/* End PBXSourcesBuildPhase section */

/* Begin PBXVariantGroup section */
		D4E112A325D28C4400D1AA54 /* Main.storyboard */ = {
			isa = PBXVariantGroup;
			children = (
				D4E112A425D28C4400D1AA54 /* Base */,
			);
			name = Main.storyboard;
			sourceTree = "<group>";
		};
		D4E112A825D28C4400D1AA54 /* LaunchScreen.storyboard */ = {
			isa = PBXVariantGroup;
			children = (
				D4E112A925D28C4400D1AA54 /* Base */,
			);
			name = LaunchScreen.storyboard;
			sourceTree = "<group>";
		};
/* End PBXVariantGroup section */

/* Begin XCBuildConfiguration section */
		D4E112AC25D28C4400D1AA54 /* Debug */ = {
			isa = XCBuildConfiguration;
			buildSettings = {
				ALWAYS_SEARCH_USER_PATHS = NO;
				CLANG_ANALYZER_NONNULL = YES;
				CLANG_ANALYZER_NUMBER_OBJECT_CONVERSION = YES_AGGRESSIVE;
				CLANG_CXX_LANGUAGE_STANDARD = "gnu++14";
				CLANG_CXX_LIBRARY = "libc++";
				CLANG_ENABLE_MODULES = YES;
				CLANG_ENABLE_OBJC_ARC = YES;
				CLANG_ENABLE_OBJC_WEAK = YES;
				CLANG_WARN_BLOCK_CAPTURE_AUTORELEASING = YES;
				CLANG_WARN_BOOL_CONVERSION = YES;
				CLANG_WARN_COMMA = YES;
				CLANG_WARN_CONSTANT_CONVERSION = YES;
				CLANG_WARN_DEPRECATED_OBJC_IMPLEMENTATIONS = YES;
				CLANG_WARN_DIRECT_OBJC_ISA_USAGE = YES_ERROR;
				CLANG_WARN_DOCUMENTATION_COMMENTS = YES;
				CLANG_WARN_EMPTY_BODY = YES;
				CLANG_WARN_ENUM_CONVERSION = YES;
				CLANG_WARN_INFINITE_RECURSION = YES;
				CLANG_WARN_INT_CONVERSION = YES;
				CLANG_WARN_NON_LITERAL_NULL_CONVERSION = YES;
				CLANG_WARN_OBJC_IMPLICIT_RETAIN_SELF = YES;
				CLANG_WARN_OBJC_LITERAL_CONVERSION = YES;
				CLANG_WARN_OBJC_ROOT_CLASS = YES_ERROR;
				CLANG_WARN_QUOTED_INCLUDE_IN_FRAMEWORK_HEADER = YES;
				CLANG_WARN_RANGE_LOOP_ANALYSIS = YES;
				CLANG_WARN_STRICT_PROTOTYPES = YES;
				CLANG_WARN_SUSPICIOUS_MOVE = YES;
				CLANG_WARN_UNGUARDED_AVAILABILITY = YES_AGGRESSIVE;
				CLANG_WARN_UNREACHABLE_CODE = YES;
				CLANG_WARN__DUPLICATE_METHOD_MATCH = YES;
				COPY_PHASE_STRIP = NO;
				DEBUG_INFORMATION_FORMAT = dwarf;
				ENABLE_STRICT_OBJC_MSGSEND = YES;
				ENABLE_TESTABILITY = YES;
				GCC_C_LANGUAGE_STANDARD = gnu11;
				GCC_DYNAMIC_NO_PIC = NO;
				GCC_NO_COMMON_BLOCKS = YES;
				GCC_OPTIMIZATION_LEVEL = 0;
				GCC_PREPROCESSOR_DEFINITIONS = (
					"DEBUG=1",
					"$(inherited)",
				);
				GCC_WARN_64_TO_32_BIT_CONVERSION = YES;
				GCC_WARN_ABOUT_RETURN_TYPE = YES_ERROR;
				GCC_WARN_UNDECLARED_SELECTOR = YES;
				GCC_WARN_UNINITIALIZED_AUTOS = YES_AGGRESSIVE;
				GCC_WARN_UNUSED_FUNCTION = YES;
				GCC_WARN_UNUSED_VARIABLE = YES;
				IPHONEOS_DEPLOYMENT_TARGET = 14.4;
				MTL_ENABLE_DEBUG_INFO = INCLUDE_SOURCE;
				MTL_FAST_MATH = YES;
				ONLY_ACTIVE_ARCH = YES;
				SDKROOT = iphoneos;
				SWIFT_ACTIVE_COMPILATION_CONDITIONS = DEBUG;
				SWIFT_OPTIMIZATION_LEVEL = "-Onone";
			};
			name = Debug;
		};
		D4E112AD25D28C4400D1AA54 /* Release */ = {
			isa = XCBuildConfiguration;
			buildSettings = {
				ALWAYS_SEARCH_USER_PATHS = NO;
				CLANG_ANALYZER_NONNULL = YES;
				CLANG_ANALYZER_NUMBER_OBJECT_CONVERSION = YES_AGGRESSIVE;
				CLANG_CXX_LANGUAGE_STANDARD = "gnu++14";
				CLANG_CXX_LIBRARY = "libc++";
				CLANG_ENABLE_MODULES = YES;
				CLANG_ENABLE_OBJC_ARC = YES;
				CLANG_ENABLE_OBJC_WEAK = YES;
				CLANG_WARN_BLOCK_CAPTURE_AUTORELEASING = YES;
				CLANG_WARN_BOOL_CONVERSION = YES;
				CLANG_WARN_COMMA = YES;
				CLANG_WARN_CONSTANT_CONVERSION = YES;
				CLANG_WARN_DEPRECATED_OBJC_IMPLEMENTATIONS = YES;
				CLANG_WARN_DIRECT_OBJC_ISA_USAGE = YES_ERROR;
				CLANG_WARN_DOCUMENTATION_COMMENTS = YES;
				CLANG_WARN_EMPTY_BODY = YES;
				CLANG_WARN_ENUM_CONVERSION = YES;
				CLANG_WARN_INFINITE_RECURSION = YES;
				CLANG_WARN_INT_CONVERSION = YES;
				CLANG_WARN_NON_LITERAL_NULL_CONVERSION = YES;
				CLANG_WARN_OBJC_IMPLICIT_RETAIN_SELF = YES;
				CLANG_WARN_OBJC_LITERAL_CONVERSION = YES;
				CLANG_WARN_OBJC_ROOT_CLASS = YES_ERROR;
				CLANG_WARN_QUOTED_INCLUDE_IN_FRAMEWORK_HEADER = YES;
				CLANG_WARN_RANGE_LOOP_ANALYSIS = YES;
				CLANG_WARN_STRICT_PROTOTYPES = YES;
				CLANG_WARN_SUSPICIOUS_MOVE = YES;
				CLANG_WARN_UNGUARDED_AVAILABILITY = YES_AGGRESSIVE;
				CLANG_WARN_UNREACHABLE_CODE = YES;
				CLANG_WARN__DUPLICATE_METHOD_MATCH = YES;
				COPY_PHASE_STRIP = NO;
				DEBUG_INFORMATION_FORMAT = "dwarf-with-dsym";
				ENABLE_NS_ASSERTIONS = NO;
				ENABLE_STRICT_OBJC_MSGSEND = YES;
				GCC_C_LANGUAGE_STANDARD = gnu11;
				GCC_NO_COMMON_BLOCKS = YES;
				GCC_WARN_64_TO_32_BIT_CONVERSION = YES;
				GCC_WARN_ABOUT_RETURN_TYPE = YES_ERROR;
				GCC_WARN_UNDECLARED_SELECTOR = YES;
				GCC_WARN_UNINITIALIZED_AUTOS = YES_AGGRESSIVE;
				GCC_WARN_UNUSED_FUNCTION = YES;
				GCC_WARN_UNUSED_VARIABLE = YES;
				IPHONEOS_DEPLOYMENT_TARGET = 14.4;
				MTL_ENABLE_DEBUG_INFO = NO;
				MTL_FAST_MATH = YES;
				SDKROOT = iphoneos;
				SWIFT_COMPILATION_MODE = wholemodule;
				SWIFT_OPTIMIZATION_LEVEL = "-O";
				VALIDATE_PRODUCT = YES;
			};
			name = Release;
		};
		D4E112AF25D28C4400D1AA54 /* Debug */ = {
			isa = XCBuildConfiguration;
			buildSettings = {
				ASSETCATALOG_COMPILER_APPICON_NAME = AppIcon;
				ASSETCATALOG_COMPILER_GLOBAL_ACCENT_COLOR_NAME = AccentColor;
				CODE_SIGN_STYLE = Automatic;
				DEVELOPMENT_TEAM = 38DT2DCWWK;
				INFOPLIST_FILE = SimpleDiary/Info.plist;
				LD_RUNPATH_SEARCH_PATHS = (
					"$(inherited)",
					"@executable_path/Frameworks",
				);
				PRODUCT_BUNDLE_IDENTIFIER = kr.pio.SimpleDiary;
				PRODUCT_NAME = "$(TARGET_NAME)";
				SWIFT_VERSION = 5.0;
				TARGETED_DEVICE_FAMILY = "1,2";
			};
			name = Debug;
		};
		D4E112B025D28C4400D1AA54 /* Release */ = {
			isa = XCBuildConfiguration;
			buildSettings = {
				ASSETCATALOG_COMPILER_APPICON_NAME = AppIcon;
				ASSETCATALOG_COMPILER_GLOBAL_ACCENT_COLOR_NAME = AccentColor;
				CODE_SIGN_STYLE = Automatic;
				DEVELOPMENT_TEAM = 38DT2DCWWK;
				INFOPLIST_FILE = SimpleDiary/Info.plist;
				LD_RUNPATH_SEARCH_PATHS = (
					"$(inherited)",
					"@executable_path/Frameworks",
				);
				PRODUCT_BUNDLE_IDENTIFIER = kr.pio.SimpleDiary;
				PRODUCT_NAME = "$(TARGET_NAME)";
				SWIFT_VERSION = 5.0;
				TARGETED_DEVICE_FAMILY = "1,2";
			};
			name = Release;
		};
/* End XCBuildConfiguration section */

/* Begin XCConfigurationList section */
		D4E1129525D28C4300D1AA54 /* Build configuration list for PBXProject "SimpleDiary" */ = {
			isa = XCConfigurationList;
			buildConfigurations = (
				D4E112AC25D28C4400D1AA54 /* Debug */,
				D4E112AD25D28C4400D1AA54 /* Release */,
			);
			defaultConfigurationIsVisible = 0;
			defaultConfigurationName = Release;
		};
		D4E112AE25D28C4400D1AA54 /* Build configuration list for PBXNativeTarget "SimpleDiary" */ = {
			isa = XCConfigurationList;
			buildConfigurations = (
				D4E112AF25D28C4400D1AA54 /* Debug */,
				D4E112B025D28C4400D1AA54 /* Release */,
			);
			defaultConfigurationIsVisible = 0;
			defaultConfigurationName = Release;
		};
/* End XCConfigurationList section */

/* Begin XCVersionGroup section */
		D48F5BA525D57D4A006CD4F9 /* Model.xcdatamodeld */ = {
			isa = XCVersionGroup;
			children = (
				D48F5BA625D57D4A006CD4F9 /* Model.xcdatamodel */,
			);
			currentVersion = D48F5BA625D57D4A006CD4F9 /* Model.xcdatamodel */;
			path = Model.xcdatamodeld;
			sourceTree = "<group>";
			versionGroupType = wrapper.xcdatamodel;
		};
/* End XCVersionGroup section */
	};
	rootObject = D4E1129225D28C4300D1AA54 /* Project object */;
}
